
Microsoft Visual Studio Solution File, Format Version 12.00
# Visual Studio Version 17
VisualStudioVersion = 17.5.002.0
MinimumVisualStudioVersion = 10.0.40219.1
Project("{9A19103F-16F7-4668-BE54-9A1E7A4F7556}") = "ui", "ui\ui.csproj", "{B3BC3F85-0ED4-4884-990E-EFF715528F68}"
EndProject
Project("{9A19103F-16F7-4668-BE54-9A1E7A4F7556}") = "AppDomain", "AppDomain\AppDomain.csproj", "{6E53B51A-D158-453C-A566-A9FE31E1D4AE}"
EndProject
Project("{9A19103F-16F7-4668-BE54-9A1E7A4F7556}") = "WebApplication1", "WebApplication1\WebApplication1.csproj", "{D5522B91-2E8C-4F21-9AB3-3F4C88062ACE}"
EndProject
Global
	GlobalSection(SolutionConfigurationPlatforms) = preSolution
		Debug|Any CPU = Debug|Any CPU
		Release|Any CPU = Release|Any CPU
	EndGlobalSection
	GlobalSection(ProjectConfigurationPlatforms) = postSolution
		{B3BC3F85-0ED4-4884-990E-EFF715528F68}.Debug|Any CPU.ActiveCfg = Debug|Any CPU
		{B3BC3F85-0ED4-4884-990E-EFF715528F68}.Debug|Any CPU.Build.0 = Debug|Any CPU
		{B3BC3F85-0ED4-4884-990E-EFF715528F68}.Release|Any CPU.ActiveCfg = Release|Any CPU
		{B3BC3F85-0ED4-4884-990E-EFF715528F68}.Release|Any CPU.Build.0 = Release|Any CPU
		{6E53B51A-D158-453C-A566-A9FE31E1D4AE}.Debug|Any CPU.ActiveCfg = Debug|Any CPU
		{6E53B51A-D158-453C-A566-A9FE31E1D4AE}.Debug|Any CPU.Build.0 = Debug|Any CPU
		{6E53B51A-D158-453C-A566-A9FE31E1D4AE}.Release|Any CPU.ActiveCfg = Release|Any CPU
		{6E53B51A-D158-453C-A566-A9FE31E1D4AE}.Release|Any CPU.Build.0 = Release|Any CPU
		{D5522B91-2E8C-4F21-9AB3-3F4C88062ACE}.Debug|Any CPU.ActiveCfg = Debug|Any CPU
		{D5522B91-2E8C-4F21-9AB3-3F4C88062ACE}.Debug|Any CPU.Build.0 = Debug|Any CPU
		{D5522B91-2E8C-4F21-9AB3-3F4C88062ACE}.Release|Any CPU.ActiveCfg = Release|Any CPU
		{D5522B91-2E8C-4F21-9AB3-3F4C88062ACE}.Release|Any CPU.Build.0 = Release|Any CPU
	EndGlobalSection
	GlobalSection(SolutionProperties) = preSolution
		HideSolutionNode = FALSE
	EndGlobalSection
	GlobalSection(ExtensibilityGlobals) = postSolution
		SolutionGuid = {F1EF0E95-8115-4C76-BF39-A3483AABFE58}
	EndGlobalSection
EndGlobal
